{
  "name": "temp-sky",
  "version": "1.0.0",
  "lockfileVersion": 3,
  "requires": true,
  "packages": {
    "": {
      "name": "temp-sky",
      "version": "1.0.0",
      "license": "ISC",
      "dependencies": {
        "@jerry_aurora/sky-monitor-sdk": "^0.2.0"
      }
    },
    "node_modules/@jerry_aurora/sky-monitor-sdk": {
      "version": "0.2.0",
      "resolved": "https://registry.npmmirror.com/@jerry_aurora/sky-monitor-sdk/-/sky-monitor-sdk-0.2.0.tgz",
      "integrity": "sha512-lKo4FKbP2/fAHTtQwA7StjRfXuDNRb74H4lO36IchyriGh34xpX8s/MgnFGGvMbwMDrWoUgi9OEvz3fpyO1IlQ==",
      "license": "MIT",
      "dependencies": {
        "rrweb": "^2.0.0-alpha.18"
      }
    },
    "node_modules/@rrweb/types": {
      "version": "2.1.0",
      "resolved": "https://registry.npmmirror.com/@rrweb/types/-/types-2.1.0.tgz",
      "integrity": "sha512-svOHkcuukP6rIjz2umwVsS7uYct+2h0N97+bg+8IJYKIUj5+YjwIvqx5y9NILFKPIu3yk+Mb+KDFfJ8RV+4JlA==",
      "license": "MIT"
    },
    "node_modules/@rrweb/utils": {
      "version": "2.1.0",
      "resolved": "https://registry.npmmirror.com/@rrweb/utils/-/utils-2.1.0.tgz",
      "integrity": "sha512-hU7MT3TSdD+Do7FmMoHrBfPevFCheN5vo2mn97Y4vbXuwemopAmo8dqo5KJeMaA6oQQt7FinHJ0Xqb7k68Ci6Q==",
      "license": "MIT"
    },
    "node_modules/@types/css-font-loading-module": {
      "version": "0.0.7",
      "resolved": "https://registry.npmmirror.com/@types/css-font-loading-module/-/css-font-loading-module-0.0.7.tgz",
      "integrity": "sha512-nl09VhutdjINdWyXxHWN/w9zlNCfr60JUqJbd24YXUuCwgeL0TpFSdElCwb6cxfB6ybE19Gjj4g0jsgkXxKv1Q==",
      "license": "MIT"
    },
    "node_modules/@xstate/fsm": {
      "version": "1.6.5",
      "resolved": "https://registry.npmmirror.com/@xstate/fsm/-/fsm-1.6.5.tgz",
      "integrity": "sha512-b5o1I6aLNeYlU/3CPlj/Z91ybk1gUsKT+5NAJI+2W4UjvS5KLG28K9v5UvNoFVjHV8PajVZ00RH3vnjyQO7ZAw==",
      "license": "MIT"
    },
    "node_modules/base64-arraybuffer": {
      "version": "1.0.2",
      "resolved": "https://registry.npmmirror.com/base64-arraybuffer/-/base64-arraybuffer-1.0.2.tgz",
      "integrity": "sha512-I3yl4r9QB5ZRY3XuJVEPfc2XhZO6YweFPI+UovAzn+8/hb3oJ6lnysaFcjVpkCPfVWFUDvoZ8kmVDP7WyRtYtQ==",
      "license": "MIT",
      "engines": {
        "node": ">= 0.6.0"
      }
    },
    "node_modules/mitt": {
      "version": "3.0.1",
      "resolved": "https://registry.npmmirror.com/mitt/-/mitt-3.0.1.tgz",
      "integrity": "sha512-vKivATfr97l2/QBCYAkXYDbrIWPM2IIKEl7YPhjCvKlG3kE2gm+uBo6nEXK3M5/Ffh/FLpKExzOQ3JJoJGFKBw==",
      "license": "MIT"
    },
    "node_modules/nanoid": {
      "version": "3.3.15",
      "resolved": "https://registry.npmmirror.com/nanoid/-/nanoid-3.3.15.tgz",
      "integrity": "sha512-y7Wygv/7mEOvxTuEQDB8StXdMRBWf1kR/tlhAzBRUFkB2jfcLOAxO/SHmOO2zgz1pVgK29/kyupn059/bCHdjA==",
      "funding": [
        {
          "type": "github",
          "url": "https://github.com/sponsors/ai"
        }
      ],
      "license": "MIT",
      "bin": {
        "nanoid": "bin/nanoid.cjs"
      },
      "engines": {
        "node": "^10 || ^12 || ^13.7 || ^14 || >=15.0.1"
      }
    },
    "node_modules/picocolors": {
      "version": "1.1.1",
      "resolved": "https://registry.npmmirror.com/picocolors/-/picocolors-1.1.1.tgz",
      "integrity": "sha512-xceH2snhtb5M9liqDsmEw56le376mTZkEX/jEb/RxNFyegNul7eNslCXP9FDj/Lcu0X8KEyMceP2ntpaHrDEVA==",
      "license": "ISC"
    },
    "node_modules/postcss": {
      "version": "8.5.16",
      "resolved": "https://registry.npmmirror.com/postcss/-/postcss-8.5.16.tgz",
      "integrity": "sha512-vuwillviilfKZsg0VGj5R/YwwcHx4SLsIOI/7K6mQkWx+l5cUHTjj5g0AasTBcyXsbfTgrwsUNmVUb5xVwyPwg==",
      "funding": [
        {
          "type": "opencollective",
          "url": "https://opencollective.com/postcss/"
        },
        {
          "type": "tidelift",
          "url": "https://tidelift.com/funding/github/npm/postcss"
        },
        {
          "type": "github",
          "url": "https://github.com/sponsors/ai"
        }
      ],
      "license": "MIT",
      "dependencies": {
        "nanoid": "^3.3.12",
        "picocolors": "^1.1.1",
        "source-map-js": "^1.2.1"
      },
      "engines": {
        "node": "^10 || ^12 || >=14"
      }
    },
    "node_modules/rrdom": {
      "version": "2.1.0",
      "resolved": "https://registry.npmmirror.com/rrdom/-/rrdom-2.1.0.tgz",
      "integrity": "sha512-d7oaIHzwffxI74UJMZDGq/f97/Yfm3QX4CcTIlQelt2HsLavItLjp8x8nQ0g9Pet5+5wG1RGr9yvsxb1gJlo8A==",
      "license": "MIT",
      "dependencies": {
        "rrweb-snapshot": "^2.1.0"
      }
    },
    "node_modules/rrweb": {
      "version": "2.1.0",
      "resolved": "https://registry.npmmirror.com/rrweb/-/rrweb-2.1.0.tgz",
      "integrity": "sha512-gGGvd1eXWnOuJpQumH7+gPmBwTXzNrjmQyedWVePcEx0S5fe3VkQW4vw5f5ItY+vuigaaktte9cZKOg0OEvv+w==",
      "license": "MIT",
      "dependencies": {
        "@rrweb/types": "^2.1.0",
        "@rrweb/utils": "^2.1.0",
        "@types/css-font-loading-module": "0.0.7",
        "@xstate/fsm": "^1.4.0",
        "base64-arraybuffer": "^1.0.1",
        "mitt": "^3.0.0",
        "rrdom": "^2.1.0",
        "rrweb-snapshot": "^2.1.0"
      }
    },
    "node_modules/rrweb-snapshot": {
      "version": "2.1.0",
      "resolved": "https://registry.npmmirror.com/rrweb-snapshot/-/rrweb-snapshot-2.1.0.tgz",
      "integrity": "sha512-CFjUKWlO+Dl72gk8qwcDcNE/Pj9yr6IvGRAiRAx12pmJaSWaOKFoFgpQQ1j/mW0WKwEZXbHnMJL8M92gIsdwUQ==",
      "license": "MIT",
      "dependencies": {
        "postcss": "^8.4.38"
      }
    },
    "node_modules/source-map-js": {
      "version": "1.2.1",
      "resolved": "https://registry.npmmirror.com/source-map-js/-/source-map-js-1.2.1.tgz",
      "integrity": "sha512-UXWMKhLOwVKb728IUtQPXxfYU+usdybtUrK/8uGE8CQMvrhOpwvzDBwj0QhSL7MQc7vIsISBG8VQ8+IDQxpfQA==",
      "license": "BSD-3-Clause",
      "engines": {
        "node": ">=0.10.0"
      }
    }
  }
}
